
Microsoft Visual Studio Solution File, Format Version 12.00
# Visual Studio 15
VisualStudioVersion = 15.0.27428.2037
MinimumVisualStudioVersion = 10.0.40219.1
Project("{8BC9CEB8-8B4A-11D0-8D11-00A0C91BC942}") = "MyDriver2", "MyDriver2\MyDriver2.vcxproj", "{D197961D-FF82-404F-94C2-C54FB3272365}"
EndProject
Global
	GlobalSection(SolutionConfigurationPlatforms) = preSolution
		Debug|ARM = Debug|ARM
		Debug|ARM64 = Debug|ARM64
		Debug|x64 = Debug|x64
		Debug|x86 = Debug|x86
		Release|ARM = Release|ARM
		Release|ARM64 = Release|ARM64
		Release|x64 = Release|x64
		Release|x86 = Release|x86
	EndGlobalSection
	GlobalSection(ProjectConfigurationPlatforms) = postSolution
		{D197961D-FF82-404F-94C2-C54FB3272365}.Debug|ARM.ActiveCfg = Debug|ARM
		{D197961D-FF82-404F-94C2-C54FB3272365}.Debug|ARM.Build.0 = Debug|ARM
		{D197961D-FF82-404F-94C2-C54FB3272365}.Debug|ARM.Deploy.0 = Debug|ARM
		{D197961D-FF82-404F-94C2-C54FB3272365}.Debug|ARM64.ActiveCfg = Debug|ARM64
		{D197961D-FF82-404F-94C2-C54FB3272365}.Debug|ARM64.Build.0 = Debug|ARM64
		{D197961D-FF82-404F-94C2-C54FB3272365}.Debug|ARM64.Deploy.0 = Debug|ARM64
		{D197961D-FF82-404F-94C2-C54FB3272365}.Debug|x64.ActiveCfg = Debug|x64
		{D197961D-FF82-404F-94C2-C54FB3272365}.Debug|x64.Build.0 = Debug|x64
		{D197961D-FF82-404F-94C2-C54FB3272365}.Debug|x64.Deploy.0 = Debug|x64
		{D197961D-FF82-404F-94C2-C54FB3272365}.Debug|x86.ActiveCfg = Debug|Win32
		{D197961D-FF82-404F-94C2-C54FB3272365}.Debug|x86.Build.0 = Debug|Win32
		{D197961D-FF82-404F-94C2-C54FB3272365}.Debug|x86.Deploy.0 = Debug|Win32
		{D197961D-FF82-404F-94C2-C54FB3272365}.Release|ARM.ActiveCfg = Release|ARM
		{D197961D-FF82-404F-94C2-C54FB3272365}.Release|ARM.Build.0 = Release|ARM
		{D197961D-FF82-404F-94C2-C54FB3272365}.Release|ARM.Deploy.0 = Release|ARM
		{D197961D-FF82-404F-94C2-C54FB3272365}.Release|ARM64.ActiveCfg = Release|ARM64
		{D197961D-FF82-404F-94C2-C54FB3272365}.Release|ARM64.Build.0 = Release|ARM64
		{D197961D-FF82-404F-94C2-C54FB3272365}.Release|ARM64.Deploy.0 = Release|ARM64
		{D197961D-FF82-404F-94C2-C54FB3272365}.Release|x64.ActiveCfg = Release|x64
		{D197961D-FF82-404F-94C2-C54FB3272365}.Release|x64.Build.0 = Release|x64
		{D197961D-FF82-404F-94C2-C54FB3272365}.Release|x64.Deploy.0 = Release|x64
		{D197961D-FF82-404F-94C2-C54FB3272365}.Release|x86.ActiveCfg = Release|Win32
		{D197961D-FF82-404F-94C2-C54FB3272365}.Release|x86.Build.0 = Release|Win32
		{D197961D-FF82-404F-94C2-C54FB3272365}.Release|x86.Deploy.0 = Release|Win32
	EndGlobalSection
	GlobalSection(SolutionProperties) = preSolution
		HideSolutionNode = FALSE
	EndGlobalSection
	GlobalSection(ExtensibilityGlobals) = postSolution
		SolutionGuid = {C2740929-4B8D-4375-87DE-C6D50FCFCAB8}
	EndGlobalSection
EndGlobal
